
Microsoft Visual Studio Solution File, Format Version 12.00
# Visual Studio Version 17
VisualStudioVersion = 17.5.002.0
MinimumVisualStudioVersion = 10.0.40219.1
Project("{9A19103F-16F7-4668-BE54-9A1E7A4F7556}") = "c#", "c#\c#.csproj", "{69143011-339C-472A-B876-11BAB2DF0169}"
EndProject
Global
	GlobalSection(SolutionConfigurationPlatforms) = preSolution
		Debug|Any CPU = Debug|Any CPU
		Release|Any CPU = Release|Any CPU
	EndGlobalSection
	GlobalSection(ProjectConfigurationPlatforms) = postSolution
		{69143011-339C-472A-B876-11BAB2DF0169}.Debug|Any CPU.ActiveCfg = Debug|Any CPU
		{69143011-339C-472A-B876-11BAB2DF0169}.Debug|Any CPU.Build.0 = Debug|Any CPU
		{69143011-339C-472A-B876-11BAB2DF0169}.Release|Any CPU.ActiveCfg = Release|Any CPU
		{69143011-339C-472A-B876-11BAB2DF0169}.Release|Any CPU.Build.0 = Release|Any CPU
	EndGlobalSection
	GlobalSection(SolutionProperties) = preSolution
		HideSolutionNode = FALSE
	EndGlobalSection
	GlobalSection(ExtensibilityGlobals) = postSolution
		SolutionGuid = {0222335C-6983-423B-90CF-05E3AE516A11}
	EndGlobalSection
EndGlobal
